
Microsoft Visual Studio Solution File, Format Version 12.00
# Visual Studio Version 17
VisualStudioVersion = 17.9.34728.123
MinimumVisualStudioVersion = 10.0.40219.1
Project("{FAE04EC0-301F-11D3-BF4B-00C04F79EFBC}") = "ThalesRepository", "ThalesRepository\ThalesRepository.csproj", "{C915CCC2-0B89-4A1C-BB3E-9CF3FD386DD4}"
EndProject
Global
	GlobalSection(SolutionConfigurationPlatforms) = preSolution
		Debug|Any CPU = Debug|Any CPU
		Release|Any CPU = Release|Any CPU
	EndGlobalSection
	GlobalSection(ProjectConfigurationPlatforms) = postSolution
		{C915CCC2-0B89-4A1C-BB3E-9CF3FD386DD4}.Debug|Any CPU.ActiveCfg = Debug|Any CPU
		{C915CCC2-0B89-4A1C-BB3E-9CF3FD386DD4}.Debug|Any CPU.Build.0 = Debug|Any CPU
		{C915CCC2-0B89-4A1C-BB3E-9CF3FD386DD4}.Release|Any CPU.ActiveCfg = Release|Any CPU
		{C915CCC2-0B89-4A1C-BB3E-9CF3FD386DD4}.Release|Any CPU.Build.0 = Release|Any CPU
	EndGlobalSection
	GlobalSection(SolutionProperties) = preSolution
		HideSolutionNode = FALSE
	EndGlobalSection
	GlobalSection(ExtensibilityGlobals) = postSolution
		SolutionGuid = {ABF8F289-253B-4CDE-8832-5AC626B65198}
	EndGlobalSection
EndGlobal
